
Microsoft Visual Studio Solution File, Format Version 12.00
# Visual Studio Version 16
VisualStudioVersion = 16.0.31515.178
MinimumVisualStudioVersion = 10.0.40219.1
Project("{9092AA53-FB77-4645-B42D-1CCCA6BD08BD}") = "VuejsCRUD", "VuejsCRUD\VuejsCRUD.njsproj", "{0ACC99E2-1998-46F9-971C-48D81C08DD2C}"
EndProject
Global
	GlobalSection(SolutionConfigurationPlatforms) = preSolution
		Debug|Any CPU = Debug|Any CPU
		Release|Any CPU = Release|Any CPU
	EndGlobalSection
	GlobalSection(ProjectConfigurationPlatforms) = postSolution
		{0ACC99E2-1998-46F9-971C-48D81C08DD2C}.Debug|Any CPU.ActiveCfg = Debug|Any CPU
		{0ACC99E2-1998-46F9-971C-48D81C08DD2C}.Debug|Any CPU.Build.0 = Debug|Any CPU
		{0ACC99E2-1998-46F9-971C-48D81C08DD2C}.Release|Any CPU.ActiveCfg = Release|Any CPU
		{0ACC99E2-1998-46F9-971C-48D81C08DD2C}.Release|Any CPU.Build.0 = Release|Any CPU
	EndGlobalSection
	GlobalSection(SolutionProperties) = preSolution
		HideSolutionNode = FALSE
	EndGlobalSection
	GlobalSection(ExtensibilityGlobals) = postSolution
		SolutionGuid = {306BBB53-0C10-410F-ACE1-35A88BD3C2E7}
	EndGlobalSection
EndGlobal
